
Microsoft Visual Studio Solution File, Format Version 12.00
# Visual Studio Version 17
VisualStudioVersion = 17.9.34728.123
MinimumVisualStudioVersion = 10.0.40219.1
Project("{FAE04EC0-301F-11D3-BF4B-00C04F79EFBC}") = "ООП9", "ООП9\ООП9.csproj", "{9436547A-6007-4B46-91F1-1C55E3CA93B4}"
EndProject
Global
	GlobalSection(SolutionConfigurationPlatforms) = preSolution
		Debug|Any CPU = Debug|Any CPU
		Release|Any CPU = Release|Any CPU
	EndGlobalSection
	GlobalSection(ProjectConfigurationPlatforms) = postSolution
		{9436547A-6007-4B46-91F1-1C55E3CA93B4}.Debug|Any CPU.ActiveCfg = Debug|Any CPU
		{9436547A-6007-4B46-91F1-1C55E3CA93B4}.Debug|Any CPU.Build.0 = Debug|Any CPU
		{9436547A-6007-4B46-91F1-1C55E3CA93B4}.Release|Any CPU.ActiveCfg = Release|Any CPU
		{9436547A-6007-4B46-91F1-1C55E3CA93B4}.Release|Any CPU.Build.0 = Release|Any CPU
	EndGlobalSection
	GlobalSection(SolutionProperties) = preSolution
		HideSolutionNode = FALSE
	EndGlobalSection
	GlobalSection(ExtensibilityGlobals) = postSolution
		SolutionGuid = {7584179D-55EE-4642-849F-25CB751F858C}
	EndGlobalSection
EndGlobal
