
Microsoft Visual Studio Solution File, Format Version 12.00
# Visual Studio Version 17
VisualStudioVersion = 17.9.34728.123
MinimumVisualStudioVersion = 10.0.40219.1
Project("{FAE04EC0-301F-11D3-BF4B-00C04F79EFBC}") = "SampleMVVM", "SampleMVVM\SampleMVVM.csproj", "{C7CCD4A1-1F31-4D8D-9989-BFDF06973779}"
EndProject
Global
	GlobalSection(SolutionConfigurationPlatforms) = preSolution
		Debug|Any CPU = Debug|Any CPU
		Release|Any CPU = Release|Any CPU
	EndGlobalSection
	GlobalSection(ProjectConfigurationPlatforms) = postSolution
		{C7CCD4A1-1F31-4D8D-9989-BFDF06973779}.Debug|Any CPU.ActiveCfg = Debug|Any CPU
		{C7CCD4A1-1F31-4D8D-9989-BFDF06973779}.Debug|Any CPU.Build.0 = Debug|Any CPU
		{C7CCD4A1-1F31-4D8D-9989-BFDF06973779}.Release|Any CPU.ActiveCfg = Release|Any CPU
		{C7CCD4A1-1F31-4D8D-9989-BFDF06973779}.Release|Any CPU.Build.0 = Release|Any CPU
	EndGlobalSection
	GlobalSection(SolutionProperties) = preSolution
		HideSolutionNode = FALSE
	EndGlobalSection
	GlobalSection(ExtensibilityGlobals) = postSolution
		SolutionGuid = {84128DD0-F19A-48DE-A4D7-A014B41C65BB}
	EndGlobalSection
EndGlobal
