
Microsoft Visual Studio Solution File, Format Version 12.00
# Visual Studio Version 17
VisualStudioVersion = 17.3.32922.545
MinimumVisualStudioVersion = 10.0.40219.1
Project("{FAE04EC0-301F-11D3-BF4B-00C04F79EFBC}") = "ООП8", "ООП8\ООП8.csproj", "{7C64AF73-5ABB-4151-BB4C-15B46752FEEA}"
EndProject
Global
	GlobalSection(SolutionConfigurationPlatforms) = preSolution
		Debug|Any CPU = Debug|Any CPU
		Release|Any CPU = Release|Any CPU
	EndGlobalSection
	GlobalSection(ProjectConfigurationPlatforms) = postSolution
		{7C64AF73-5ABB-4151-BB4C-15B46752FEEA}.Debug|Any CPU.ActiveCfg = Debug|Any CPU
		{7C64AF73-5ABB-4151-BB4C-15B46752FEEA}.Debug|Any CPU.Build.0 = Debug|Any CPU
		{7C64AF73-5ABB-4151-BB4C-15B46752FEEA}.Release|Any CPU.ActiveCfg = Release|Any CPU
		{7C64AF73-5ABB-4151-BB4C-15B46752FEEA}.Release|Any CPU.Build.0 = Release|Any CPU
	EndGlobalSection
	GlobalSection(SolutionProperties) = preSolution
		HideSolutionNode = FALSE
	EndGlobalSection
	GlobalSection(ExtensibilityGlobals) = postSolution
		SolutionGuid = {0B7A7F67-D464-410E-B317-E2E1D0934EEF}
	EndGlobalSection
EndGlobal
